
Microsoft Visual Studio Solution File, Format Version 12.00
# Visual Studio Version 16
VisualStudioVersion = 16.0.34729.46
MinimumVisualStudioVersion = 10.0.40219.1
Project("{FAE04EC0-301F-11D3-BF4B-00C04F79EFBC}") = "SingleTon", "SingleTon\SingleTon.csproj", "{CC15C1B5-F18F-4826-B277-063AD853572E}"
EndProject
Global
	GlobalSection(SolutionConfigurationPlatforms) = preSolution
		Debug|Any CPU = Debug|Any CPU
		Release|Any CPU = Release|Any CPU
	EndGlobalSection
	GlobalSection(ProjectConfigurationPlatforms) = postSolution
		{CC15C1B5-F18F-4826-B277-063AD853572E}.Debug|Any CPU.ActiveCfg = Debug|Any CPU
		{CC15C1B5-F18F-4826-B277-063AD853572E}.Debug|Any CPU.Build.0 = Debug|Any CPU
		{CC15C1B5-F18F-4826-B277-063AD853572E}.Release|Any CPU.ActiveCfg = Release|Any CPU
		{CC15C1B5-F18F-4826-B277-063AD853572E}.Release|Any CPU.Build.0 = Release|Any CPU
	EndGlobalSection
	GlobalSection(SolutionProperties) = preSolution
		HideSolutionNode = FALSE
	EndGlobalSection
	GlobalSection(ExtensibilityGlobals) = postSolution
		SolutionGuid = {2379264D-B984-4178-AE68-5D8D840D1E56}
	EndGlobalSection
EndGlobal
